# This file is automatically @generated by Cargo.
# It is not intended for manual editing.
version = 4

[[package]]
name = "crossbeam-utils"
version = "0.8.23"
source = "registry+https://github.com/rust-lang/crates.io-index"
checksum = "a31eee39dddec8330830986fcd7625edb5a24ec90ea038215273bbc3adb08ac6"

[[package]]
name = "nagoya"
version = "0.0.0"
dependencies = [
 "ps-st3",
 "spin",
]

[[package]]
name = "ps-st3"
version = "0.5.0"
source = "registry+https://github.com/rust-lang/crates.io-index"
checksum = "77163262251fd70801986ba050d12f784658fb4829de66cf96607887628a01f3"
dependencies = [
 "crossbeam-utils",
 "spin",
]

[[package]]
name = "spin"
version = "0.9.9"
source = "registry+https://github.com/rust-lang/crates.io-index"
checksum = "3763264f6b73151db08c50ff20d7d8a0b8796e021cdea7ceedad07b80155fa0e"
